
Microsoft Visual Studio Solution File, Format Version 12.00
# Visual Studio 15
VisualStudioVersion = 15.0.28307.902
MinimumVisualStudioVersion = 10.0.40219.1
Project("{8BC9CEB8-8B4A-11D0-8D11-00A0C91BC942}") = "ChineseChess", "ChineseChess.vcxproj", "{0641D790-FBA2-3D39-BAB7-5DBF22060ECB}"
EndProject
Global
	GlobalSection(SolutionConfigurationPlatforms) = preSolution
		Debug|x64 = Debug|x64
		Release|x64 = Release|x64
	EndGlobalSection
	GlobalSection(ProjectConfigurationPlatforms) = postSolution
		{0641D790-FBA2-3D39-BAB7-5DBF22060ECB}.Debug|x64.ActiveCfg = Debug|x64
		{0641D790-FBA2-3D39-BAB7-5DBF22060ECB}.Debug|x64.Build.0 = Debug|x64
		{0641D790-FBA2-3D39-BAB7-5DBF22060ECB}.Release|x64.ActiveCfg = Release|x64
		{0641D790-FBA2-3D39-BAB7-5DBF22060ECB}.Release|x64.Build.0 = Release|x64
	EndGlobalSection
	GlobalSection(SolutionProperties) = preSolution
		HideSolutionNode = FALSE
	EndGlobalSection
	GlobalSection(ExtensibilityGlobals) = postSolution
		SolutionGuid = {A2051051-F6FC-42CD-B715-DEB0CAD327B8}
	EndGlobalSection
EndGlobal
